
Microsoft Visual Studio Solution File, Format Version 12.00
# Visual Studio Version 16
VisualStudioVersion = 16.0.30517.126
MinimumVisualStudioVersion = 10.0.40219.1
Project("{FAE04EC0-301F-11D3-BF4B-00C04F79EFBC}") = "Bank Application", "Bank Application\Bank Application.csproj", "{2878C5B5-8829-4EB6-A667-38FB483E4616}"
EndProject
Global
	GlobalSection(SolutionConfigurationPlatforms) = preSolution
		Debug|Any CPU = Debug|Any CPU
		Release|Any CPU = Release|Any CPU
	EndGlobalSection
	GlobalSection(ProjectConfigurationPlatforms) = postSolution
		{2878C5B5-8829-4EB6-A667-38FB483E4616}.Debug|Any CPU.ActiveCfg = Debug|Any CPU
		{2878C5B5-8829-4EB6-A667-38FB483E4616}.Debug|Any CPU.Build.0 = Debug|Any CPU
		{2878C5B5-8829-4EB6-A667-38FB483E4616}.Release|Any CPU.ActiveCfg = Release|Any CPU
		{2878C5B5-8829-4EB6-A667-38FB483E4616}.Release|Any CPU.Build.0 = Release|Any CPU
	EndGlobalSection
	GlobalSection(SolutionProperties) = preSolution
		HideSolutionNode = FALSE
	EndGlobalSection
	GlobalSection(ExtensibilityGlobals) = postSolution
		SolutionGuid = {D802C7A5-3E18-4563-A922-C5CF80E58CFE}
	EndGlobalSection
EndGlobal
